// !$*UTF8*$!
{
	archiveVersion = 1;
	classes = {
	};
	objectVersion = 56;
	objects = {

/* Begin PBXBuildFile section */
		921A01A02C5A4D3D001865AA /* AppDelegate.swift in Sources */ = {isa = PBXBuildFile; fileRef = 921A019F2C5A4D3D001865AA /* AppDelegate.swift */; };
		921A01A22C5A4D3D001865AA /* SceneDelegate.swift in Sources */ = {isa = PBXBuildFile; fileRef = 921A01A12C5A4D3D001865AA /* SceneDelegate.swift */; };
		921A01A42C5A4D3D001865AA /* ViewController.swift in Sources */ = {isa = PBXBuildFile; fileRef = 921A01A32C5A4D3D001865AA /* ViewController.swift */; };
		921A01A72C5A4D3D001865AA /* Base in Resources */ = {isa = PBXBuildFile; fileRef = 921A01A62C5A4D3D001865AA /* Base */; };
		921A01A92C5A4D3E001865AA /* Assets.xcassets in Resources */ = {isa = PBXBuildFile; fileRef = 921A01A82C5A4D3E001865AA /* Assets.xcassets */; };
		921A01AC2C5A4D3E001865AA /* Base in Resources */ = {isa = PBXBuildFile; fileRef = 921A01AB2C5A4D3E001865AA /* Base */; };
		921A01B72C5A4D3E001865AA /* ReelsDemoInUIkitTests.swift in Sources */ = {isa = PBXBuildFile; fileRef = 921A01B62C5A4D3E001865AA /* ReelsDemoInUIkitTests.swift */; };
		921A01C12C5A4D3E001865AA /* ReelsDemoInUIkitUITests.swift in Sources */ = {isa = PBXBuildFile; fileRef = 921A01C02C5A4D3E001865AA /* ReelsDemoInUIkitUITests.swift */; };
		921A01C32C5A4D3E001865AA /* ReelsDemoInUIkitUITestsLaunchTests.swift in Sources */ = {isa = PBXBuildFile; fileRef = 921A01C22C5A4D3E001865AA /* ReelsDemoInUIkitUITestsLaunchTests.swift */; };
		921A01D12C5A4D89001865AA /* ReelCollectionViewCell.swift in Sources */ = {isa = PBXBuildFile; fileRef = 921A01CF2C5A4D89001865AA /* ReelCollectionViewCell.swift */; };
		921A01D22C5A4D89001865AA /* ReelCollectionViewCell.xib in Resources */ = {isa = PBXBuildFile; fileRef = 921A01D02C5A4D89001865AA /* ReelCollectionViewCell.xib */; };
		921A01D62C5A9064001865AA /* 1.mp4 in Resources */ = {isa = PBXBuildFile; fileRef = 921A01D32C5A9064001865AA /* 1.mp4 */; };
		921A01D72C5A9064001865AA /* 3.mp4 in Resources */ = {isa = PBXBuildFile; fileRef = 921A01D42C5A9064001865AA /* 3.mp4 */; };
		921A01D82C5A9064001865AA /* 2.mp4 in Resources */ = {isa = PBXBuildFile; fileRef = 921A01D52C5A9064001865AA /* 2.mp4 */; };
		9285BCC92C60A7DF00FF7412 /* VideosVM.swift in Sources */ = {isa = PBXBuildFile; fileRef = 9285BCC82C60A7DF00FF7412 /* VideosVM.swift */; };
		9285BCCD2C60A80C00FF7412 /* ListingModel.swift in Sources */ = {isa = PBXBuildFile; fileRef = 9285BCCA2C60A80B00FF7412 /* ListingModel.swift */; };
		9285BCCE2C60A80C00FF7412 /* ServiceManager.swift in Sources */ = {isa = PBXBuildFile; fileRef = 9285BCCB2C60A80B00FF7412 /* ServiceManager.swift */; };
		9285BCCF2C60A80C00FF7412 /* VideoModel.swift in Sources */ = {isa = PBXBuildFile; fileRef = 9285BCCC2C60A80C00FF7412 /* VideoModel.swift */; };
/* End PBXBuildFile section */

/* Begin PBXContainerItemProxy section */
		921A01B32C5A4D3E001865AA /* PBXContainerItemProxy */ = {
			isa = PBXContainerItemProxy;
			containerPortal = 921A01942C5A4D3D001865AA /* Project object */;
			proxyType = 1;
			remoteGlobalIDString = 921A019B2C5A4D3D001865AA;
			remoteInfo = ReelsDemoInUIkit;
		};
		921A01BD2C5A4D3E001865AA /* PBXContainerItemProxy */ = {
			isa = PBXContainerItemProxy;
			containerPortal = 921A01942C5A4D3D001865AA /* Project object */;
			proxyType = 1;
			remoteGlobalIDString = 921A019B2C5A4D3D001865AA;
			remoteInfo = ReelsDemoInUIkit;
		};
/* End PBXContainerItemProxy section */

/* Begin PBXFileReference section */
		921A019C2C5A4D3D001865AA /* ReelsDemoInUIkit.app */ = {isa = PBXFileReference; explicitFileType = wrapper.application; includeInIndex = 0; path = ReelsDemoInUIkit.app; sourceTree = BUILT_PRODUCTS_DIR; };
		921A019F2C5A4D3D001865AA /* AppDelegate.swift */ = {isa = PBXFileReference; lastKnownFileType = sourcecode.swift; path = AppDelegate.swift; sourceTree = "<group>"; };
		921A01A12C5A4D3D001865AA /* SceneDelegate.swift */ = {isa = PBXFileReference; lastKnownFileType = sourcecode.swift; path = SceneDelegate.swift; sourceTree = "<group>"; };
		921A01A32C5A4D3D001865AA /* ViewController.swift */ = {isa = PBXFileReference; lastKnownFileType = sourcecode.swift; path = ViewController.swift; sourceTree = "<group>"; };
		921A01A62C5A4D3D001865AA /* Base */ = {isa = PBXFileReference; lastKnownFileType = file.storyboard; name = Base; path = Base.lproj/Main.storyboard; sourceTree = "<group>"; };
		921A01A82C5A4D3E001865AA /* Assets.xcassets */ = {isa = PBXFileReference; lastKnownFileType = folder.assetcatalog; path = Assets.xcassets; sourceTree = "<group>"; };
		921A01AB2C5A4D3E001865AA /* Base */ = {isa = PBXFileReference; lastKnownFileType = file.storyboard; name = Base; path = Base.lproj/LaunchScreen.storyboard; sourceTree = "<group>"; };
		921A01AD2C5A4D3E001865AA /* Info.plist */ = {isa = PBXFileReference; lastKnownFileType = text.plist.xml; path = Info.plist; sourceTree = "<group>"; };
		921A01B22C5A4D3E001865AA /* ReelsDemoInUIkitTests.xctest */ = {isa = PBXFileReference; explicitFileType = wrapper.cfbundle; includeInIndex = 0; path = ReelsDemoInUIkitTests.xctest; sourceTree = BUILT_PRODUCTS_DIR; };
		921A01B62C5A4D3E001865AA /* ReelsDemoInUIkitTests.swift */ = {isa = PBXFileReference; lastKnownFileType = sourcecode.swift; path = ReelsDemoInUIkitTests.swift; sourceTree = "<group>"; };
		921A01BC2C5A4D3E001865AA /* ReelsDemoInUIkitUITests.xctest */ = {isa = PBXFileReference; explicitFileType = wrapper.cfbundle; includeInIndex = 0; path = ReelsDemoInUIkitUITests.xctest; sourceTree = BUILT_PRODUCTS_DIR; };
		921A01C02C5A4D3E001865AA /* ReelsDemoInUIkitUITests.swift */ = {isa = PBXFileReference; lastKnownFileType = sourcecode.swift; path = ReelsDemoInUIkitUITests.swift; sourceTree = "<group>"; };
		921A01C22C5A4D3E001865AA /* ReelsDemoInUIkitUITestsLaunchTests.swift */ = {isa = PBXFileReference; lastKnownFileType = sourcecode.swift; path = ReelsDemoInUIkitUITestsLaunchTests.swift; sourceTree = "<group>"; };
		921A01CF2C5A4D89001865AA /* ReelCollectionViewCell.swift */ = {isa = PBXFileReference; fileEncoding = 4; lastKnownFileType = sourcecode.swift; path = ReelCollectionViewCell.swift; sourceTree = "<group>"; };
		921A01D02C5A4D89001865AA /* ReelCollectionViewCell.xib */ = {isa = PBXFileReference; fileEncoding = 4; lastKnownFileType = file.xib; path = ReelCollectionViewCell.xib; sourceTree = "<group>"; };
		921A01D32C5A9064001865AA /* 1.mp4 */ = {isa = PBXFileReference; lastKnownFileType = file; path = 1.mp4; sourceTree = "<group>"; };
		921A01D42C5A9064001865AA /* 3.mp4 */ = {isa = PBXFileReference; lastKnownFileType = file; path = 3.mp4; sourceTree = "<group>"; };
		921A01D52C5A9064001865AA /* 2.mp4 */ = {isa = PBXFileReference; lastKnownFileType = file; path = 2.mp4; sourceTree = "<group>"; };
		9285BCC82C60A7DF00FF7412 /* VideosVM.swift */ = {isa = PBXFileReference; fileEncoding = 4; lastKnownFileType = sourcecode.swift; path = VideosVM.swift; sourceTree = "<group>"; };
		9285BCCA2C60A80B00FF7412 /* ListingModel.swift */ = {isa = PBXFileReference; fileEncoding = 4; lastKnownFileType = sourcecode.swift; path = ListingModel.swift; sourceTree = "<group>"; };
		9285BCCB2C60A80B00FF7412 /* ServiceManager.swift */ = {isa = PBXFileReference; fileEncoding = 4; lastKnownFileType = sourcecode.swift; path = ServiceManager.swift; sourceTree = "<group>"; };
		9285BCCC2C60A80C00FF7412 /* VideoModel.swift */ = {isa = PBXFileReference; fileEncoding = 4; lastKnownFileType = sourcecode.swift; path = VideoModel.swift; sourceTree = "<group>"; };
/* End PBXFileReference section */

/* Begin PBXFrameworksBuildPhase section */
		921A01992C5A4D3D001865AA /* Frameworks */ = {
			isa = PBXFrameworksBuildPhase;
			buildActionMask = 2147483647;
			files = (
			);
			runOnlyForDeploymentPostprocessing = 0;
		};
		921A01AF2C5A4D3E001865AA /* Frameworks */ = {
			isa = PBXFrameworksBuildPhase;
			buildActionMask = 2147483647;
			files = (
			);
			runOnlyForDeploymentPostprocessing = 0;
		};
		921A01B92C5A4D3E001865AA /* Frameworks */ = {
			isa = PBXFrameworksBuildPhase;
			buildActionMask = 2147483647;
			files = (
			);
			runOnlyForDeploymentPostprocessing = 0;
		};
/* End PBXFrameworksBuildPhase section */

/* Begin PBXGroup section */
		921A01932C5A4D3D001865AA = {
			isa = PBXGroup;
			children = (
				921A01D32C5A9064001865AA /* 1.mp4 */,
				921A01D52C5A9064001865AA /* 2.mp4 */,
				921A01D42C5A9064001865AA /* 3.mp4 */,
				921A019E2C5A4D3D001865AA /* ReelsDemoInUIkit */,
				921A01B52C5A4D3E001865AA /* ReelsDemoInUIkitTests */,
				921A01BF2C5A4D3E001865AA /* ReelsDemoInUIkitUITests */,
				921A019D2C5A4D3D001865AA /* Products */,
			);
			sourceTree = "<group>";
		};
		921A019D2C5A4D3D001865AA /* Products */ = {
			isa = PBXGroup;
			children = (
				921A019C2C5A4D3D001865AA /* ReelsDemoInUIkit.app */,
				921A01B22C5A4D3E001865AA /* ReelsDemoInUIkitTests.xctest */,
				921A01BC2C5A4D3E001865AA /* ReelsDemoInUIkitUITests.xctest */,
			);
			name = Products;
			sourceTree = "<group>";
		};
		921A019E2C5A4D3D001865AA /* ReelsDemoInUIkit */ = {
			isa = PBXGroup;
			children = (
				921A019F2C5A4D3D001865AA /* AppDelegate.swift */,
				921A01A12C5A4D3D001865AA /* SceneDelegate.swift */,
				921A01A32C5A4D3D001865AA /* ViewController.swift */,
				9285BCC82C60A7DF00FF7412 /* VideosVM.swift */,
				9285BCCA2C60A80B00FF7412 /* ListingModel.swift */,
				9285BCCB2C60A80B00FF7412 /* ServiceManager.swift */,
				9285BCCC2C60A80C00FF7412 /* VideoModel.swift */,
				921A01A52C5A4D3D001865AA /* Main.storyboard */,
				921A01CF2C5A4D89001865AA /* ReelCollectionViewCell.swift */,
				921A01D02C5A4D89001865AA /* ReelCollectionViewCell.xib */,
				921A01A82C5A4D3E001865AA /* Assets.xcassets */,
				921A01AA2C5A4D3E001865AA /* LaunchScreen.storyboard */,
				921A01AD2C5A4D3E001865AA /* Info.plist */,
			);
			path = ReelsDemoInUIkit;
			sourceTree = "<group>";
		};
		921A01B52C5A4D3E001865AA /* ReelsDemoInUIkitTests */ = {
			isa = PBXGroup;
			children = (
				921A01B62C5A4D3E001865AA /* ReelsDemoInUIkitTests.swift */,
			);
			path = ReelsDemoInUIkitTests;
			sourceTree = "<group>";
		};
		921A01BF2C5A4D3E001865AA /* ReelsDemoInUIkitUITests */ = {
			isa = PBXGroup;
			children = (
				921A01C02C5A4D3E001865AA /* ReelsDemoInUIkitUITests.swift */,
				921A01C22C5A4D3E001865AA /* ReelsDemoInUIkitUITestsLaunchTests.swift */,
			);
			path = ReelsDemoInUIkitUITests;
			sourceTree = "<group>";
		};
/* End PBXGroup section */

/* Begin PBXNativeTarget section */
		921A019B2C5A4D3D001865AA /* ReelsDemoInUIkit */ = {
			isa = PBXNativeTarget;
			buildConfigurationList = 921A01C62C5A4D3E001865AA /* Build configuration list for PBXNativeTarget "ReelsDemoInUIkit" */;
			buildPhases = (
				921A01982C5A4D3D001865AA /* Sources */,
				921A01992C5A4D3D001865AA /* Frameworks */,
				921A019A2C5A4D3D001865AA /* Resources */,
			);
			buildRules = (
			);
			dependencies = (
			);
			name = ReelsDemoInUIkit;
			productName = ReelsDemoInUIkit;
			productReference = 921A019C2C5A4D3D001865AA /* ReelsDemoInUIkit.app */;
			productType = "com.apple.product-type.application";
		};
		921A01B12C5A4D3E001865AA /* ReelsDemoInUIkitTests */ = {
			isa = PBXNativeTarget;
			buildConfigurationList = 921A01C92C5A4D3E001865AA /* Build configuration list for PBXNativeTarget "ReelsDemoInUIkitTests" */;
			buildPhases = (
				921A01AE2C5A4D3E001865AA /* Sources */,
				921A01AF2C5A4D3E001865AA /* Frameworks */,
				921A01B02C5A4D3E001865AA /* Resources */,
			);
			buildRules = (
			);
			dependencies = (
				921A01B42C5A4D3E001865AA /* PBXTargetDependency */,
			);
			name = ReelsDemoInUIkitTests;
			productName = ReelsDemoInUIkitTests;
			productReference = 921A01B22C5A4D3E001865AA /* ReelsDemoInUIkitTests.xctest */;
			productType = "com.apple.product-type.bundle.unit-test";
		};
		921A01BB2C5A4D3E001865AA /* ReelsDemoInUIkitUITests */ = {
			isa = PBXNativeTarget;
			buildConfigurationList = 921A01CC2C5A4D3E001865AA /* Build configuration list for PBXNativeTarget "ReelsDemoInUIkitUITests" */;
			buildPhases = (
				921A01B82C5A4D3E001865AA /* Sources */,
				921A01B92C5A4D3E001865AA /* Frameworks */,
				921A01BA2C5A4D3E001865AA /* Resources */,
			);
			buildRules = (
			);
			dependencies = (
				921A01BE2C5A4D3E001865AA /* PBXTargetDependency */,
			);
			name = ReelsDemoInUIkitUITests;
			productName = ReelsDemoInUIkitUITests;
			productReference = 921A01BC2C5A4D3E001865AA /* ReelsDemoInUIkitUITests.xctest */;
			productType = "com.apple.product-type.bundle.ui-testing";
		};
/* End PBXNativeTarget section */

/* Begin PBXProject section */
		921A01942C5A4D3D001865AA /* Project object */ = {
			isa = PBXProject;
			attributes = {
				BuildIndependentTargetsInParallel = 1;
				LastSwiftUpdateCheck = 1530;
				LastUpgradeCheck = 1530;
				TargetAttributes = {
					921A019B2C5A4D3D001865AA = {
						CreatedOnToolsVersion = 15.3;
					};
					921A01B12C5A4D3E001865AA = {
						CreatedOnToolsVersion = 15.3;
						TestTargetID = 921A019B2C5A4D3D001865AA;
					};
					921A01BB2C5A4D3E001865AA = {
						CreatedOnToolsVersion = 15.3;
						TestTargetID = 921A019B2C5A4D3D001865AA;
					};
				};
			};
			buildConfigurationList = 921A01972C5A4D3D001865AA /* Build configuration list for PBXProject "ReelsDemoInUIkit" */;
			compatibilityVersion = "Xcode 14.0";
			developmentRegion = en;
			hasScannedForEncodings = 0;
			knownRegions = (
				en,
				Base,
			);
			mainGroup = 921A01932C5A4D3D001865AA;
			productRefGroup = 921A019D2C5A4D3D001865AA /* Products */;
			projectDirPath = "";
			projectRoot = "";
			targets = (
				921A019B2C5A4D3D001865AA /* ReelsDemoInUIkit */,
				921A01B12C5A4D3E001865AA /* ReelsDemoInUIkitTests */,
				921A01BB2C5A4D3E001865AA /* ReelsDemoInUIkitUITests */,
			);
		};
/* End PBXProject section */

/* Begin PBXResourcesBuildPhase section */
		921A019A2C5A4D3D001865AA /* Resources */ = {
			isa = PBXResourcesBuildPhase;
			buildActionMask = 2147483647;
			files = (
				921A01D62C5A9064001865AA /* 1.mp4 in Resources */,
				921A01D72C5A9064001865AA /* 3.mp4 in Resources */,
				921A01D82C5A9064001865AA /* 2.mp4 in Resources */,
				921A01A92C5A4D3E001865AA /* Assets.xcassets in Resources */,
				921A01AC2C5A4D3E001865AA /* Base in Resources */,
				921A01D22C5A4D89001865AA /* ReelCollectionViewCell.xib in Resources */,
				921A01A72C5A4D3D001865AA /* Base in Resources */,
			);
			runOnlyForDeploymentPostprocessing = 0;
		};
		921A01B02C5A4D3E001865AA /* Resources */ = {
			isa = PBXResourcesBuildPhase;
			buildActionMask = 2147483647;
			files = (
			);
			runOnlyForDeploymentPostprocessing = 0;
		};
		921A01BA2C5A4D3E001865AA /* Resources */ = {
			isa = PBXResourcesBuildPhase;
			buildActionMask = 2147483647;
			files = (
			);
			runOnlyForDeploymentPostprocessing = 0;
		};
/* End PBXResourcesBuildPhase section */

/* Begin PBXSourcesBuildPhase section */
		921A01982C5A4D3D001865AA /* Sources */ = {
			isa = PBXSourcesBuildPhase;
			buildActionMask = 2147483647;
			files = (
				9285BCCD2C60A80C00FF7412 /* ListingModel.swift in Sources */,
				921A01A42C5A4D3D001865AA /* ViewController.swift in Sources */,
				9285BCC92C60A7DF00FF7412 /* VideosVM.swift in Sources */,
				9285BCCF2C60A80C00FF7412 /* VideoModel.swift in Sources */,
				921A01A02C5A4D3D001865AA /* AppDelegate.swift in Sources */,
				921A01D12C5A4D89001865AA /* ReelCollectionViewCell.swift in Sources */,
				9285BCCE2C60A80C00FF7412 /* ServiceManager.swift in Sources */,
				921A01A22C5A4D3D001865AA /* SceneDelegate.swift in Sources */,
			);
			runOnlyForDeploymentPostprocessing = 0;
		};
		921A01AE2C5A4D3E001865AA /* Sources */ = {
			isa = PBXSourcesBuildPhase;
			buildActionMask = 2147483647;
			files = (
				921A01B72C5A4D3E001865AA /* ReelsDemoInUIkitTests.swift in Sources */,
			);
			runOnlyForDeploymentPostprocessing = 0;
		};
		921A01B82C5A4D3E001865AA /* Sources */ = {
			isa = PBXSourcesBuildPhase;
			buildActionMask = 2147483647;
			files = (
				921A01C12C5A4D3E001865AA /* ReelsDemoInUIkitUITests.swift in Sources */,
				921A01C32C5A4D3E001865AA /* ReelsDemoInUIkitUITestsLaunchTests.swift in Sources */,
			);
			runOnlyForDeploymentPostprocessing = 0;
		};
/* End PBXSourcesBuildPhase section */

/* Begin PBXTargetDependency section */
		921A01B42C5A4D3E001865AA /* PBXTargetDependency */ = {
			isa = PBXTargetDependency;
			target = 921A019B2C5A4D3D001865AA /* ReelsDemoInUIkit */;
			targetProxy = 921A01B32C5A4D3E001865AA /* PBXContainerItemProxy */;
		};
		921A01BE2C5A4D3E001865AA /* PBXTargetDependency */ = {
			isa = PBXTargetDependency;
			target = 921A019B2C5A4D3D001865AA /* ReelsDemoInUIkit */;
			targetProxy = 921A01BD2C5A4D3E001865AA /* PBXContainerItemProxy */;
		};
/* End PBXTargetDependency section */

/* Begin PBXVariantGroup section */
		921A01A52C5A4D3D001865AA /* Main.storyboard */ = {
			isa = PBXVariantGroup;
			children = (
				921A01A62C5A4D3D001865AA /* Base */,
			);
			name = Main.storyboard;
			sourceTree = "<group>";
		};
		921A01AA2C5A4D3E001865AA /* LaunchScreen.storyboard */ = {
			isa = PBXVariantGroup;
			children = (
				921A01AB2C5A4D3E001865AA /* Base */,
			);
			name = LaunchScreen.storyboard;
			sourceTree = "<group>";
		};
/* End PBXVariantGroup section */

/* Begin XCBuildConfiguration section */
		921A01C42C5A4D3E001865AA /* Debug */ = {
			isa = XCBuildConfiguration;
			buildSettings = {
				ALWAYS_SEARCH_USER_PATHS = NO;
				ASSETCATALOG_COMPILER_GENERATE_SWIFT_ASSET_SYMBOL_EXTENSIONS = YES;
				CLANG_ANALYZER_NONNULL = YES;
				CLANG_ANALYZER_NUMBER_OBJECT_CONVERSION = YES_AGGRESSIVE;
				CLANG_CXX_LANGUAGE_STANDARD = "gnu++20";
				CLANG_ENABLE_MODULES = YES;
				CLANG_ENABLE_OBJC_ARC = YES;
				CLANG_ENABLE_OBJC_WEAK = YES;
				CLANG_WARN_BLOCK_CAPTURE_AUTORELEASING = YES;
				CLANG_WARN_BOOL_CONVERSION = YES;
				CLANG_WARN_COMMA = YES;
				CLANG_WARN_CONSTANT_CONVERSION = YES;
				CLANG_WARN_DEPRECATED_OBJC_IMPLEMENTATIONS = YES;
				CLANG_WARN_DIRECT_OBJC_ISA_USAGE = YES_ERROR;
				CLANG_WARN_DOCUMENTATION_COMMENTS = YES;
				CLANG_WARN_EMPTY_BODY = YES;
				CLANG_WARN_ENUM_CONVERSION = YES;
				CLANG_WARN_INFINITE_RECURSION = YES;
				CLANG_WARN_INT_CONVERSION = YES;
				CLANG_WARN_NON_LITERAL_NULL_CONVERSION = YES;
				CLANG_WARN_OBJC_IMPLICIT_RETAIN_SELF = YES;
				CLANG_WARN_OBJC_LITERAL_CONVERSION = YES;
				CLANG_WARN_OBJC_ROOT_CLASS = YES_ERROR;
				CLANG_WARN_QUOTED_INCLUDE_IN_FRAMEWORK_HEADER = YES;
				CLANG_WARN_RANGE_LOOP_ANALYSIS = YES;
				CLANG_WARN_STRICT_PROTOTYPES = YES;
				CLANG_WARN_SUSPICIOUS_MOVE = YES;
				CLANG_WARN_UNGUARDED_AVAILABILITY = YES_AGGRESSIVE;
				CLANG_WARN_UNREACHABLE_CODE = YES;
				CLANG_WARN__DUPLICATE_METHOD_MATCH = YES;
				COPY_PHASE_STRIP = NO;
				DEBUG_INFORMATION_FORMAT = dwarf;
				ENABLE_STRICT_OBJC_MSGSEND = YES;
				ENABLE_TESTABILITY = YES;
				ENABLE_USER_SCRIPT_SANDBOXING = YES;
				GCC_C_LANGUAGE_STANDARD = gnu17;
				GCC_DYNAMIC_NO_PIC = NO;
				GCC_NO_COMMON_BLOCKS = YES;
				GCC_OPTIMIZATION_LEVEL = 0;
				GCC_PREPROCESSOR_DEFINITIONS = (
					"DEBUG=1",
					"$(inherited)",
				);
				GCC_WARN_64_TO_32_BIT_CONVERSION = YES;
				GCC_WARN_ABOUT_RETURN_TYPE = YES_ERROR;
				GCC_WARN_UNDECLARED_SELECTOR = YES;
				GCC_WARN_UNINITIALIZED_AUTOS = YES_AGGRESSIVE;
				GCC_WARN_UNUSED_FUNCTION = YES;
				GCC_WARN_UNUSED_VARIABLE = YES;
				IPHONEOS_DEPLOYMENT_TARGET = 17.4;
				LOCALIZATION_PREFERS_STRING_CATALOGS = YES;
				MTL_ENABLE_DEBUG_INFO = INCLUDE_SOURCE;
				MTL_FAST_MATH = YES;
				ONLY_ACTIVE_ARCH = YES;
				SDKROOT = iphoneos;
				SWIFT_ACTIVE_COMPILATION_CONDITIONS = "DEBUG $(inherited)";
				SWIFT_OPTIMIZATION_LEVEL = "-Onone";
			};
			name = Debug;
		};
		921A01C52C5A4D3E001865AA /* Release */ = {
			isa = XCBuildConfiguration;
			buildSettings = {
				ALWAYS_SEARCH_USER_PATHS = NO;
				ASSETCATALOG_COMPILER_GENERATE_SWIFT_ASSET_SYMBOL_EXTENSIONS = YES;
				CLANG_ANALYZER_NONNULL = YES;
				CLANG_ANALYZER_NUMBER_OBJECT_CONVERSION = YES_AGGRESSIVE;
				CLANG_CXX_LANGUAGE_STANDARD = "gnu++20";
				CLANG_ENABLE_MODULES = YES;
				CLANG_ENABLE_OBJC_ARC = YES;
				CLANG_ENABLE_OBJC_WEAK = YES;
				CLANG_WARN_BLOCK_CAPTURE_AUTORELEASING = YES;
				CLANG_WARN_BOOL_CONVERSION = YES;
				CLANG_WARN_COMMA = YES;
				CLANG_WARN_CONSTANT_CONVERSION = YES;
				CLANG_WARN_DEPRECATED_OBJC_IMPLEMENTATIONS = YES;
				CLANG_WARN_DIRECT_OBJC_ISA_USAGE = YES_ERROR;
				CLANG_WARN_DOCUMENTATION_COMMENTS = YES;
				CLANG_WARN_EMPTY_BODY = YES;
				CLANG_WARN_ENUM_CONVERSION = YES;
				CLANG_WARN_INFINITE_RECURSION = YES;
				CLANG_WARN_INT_CONVERSION = YES;
				CLANG_WARN_NON_LITERAL_NULL_CONVERSION = YES;
				CLANG_WARN_OBJC_IMPLICIT_RETAIN_SELF = YES;
				CLANG_WARN_OBJC_LITERAL_CONVERSION = YES;
				CLANG_WARN_OBJC_ROOT_CLASS = YES_ERROR;
				CLANG_WARN_QUOTED_INCLUDE_IN_FRAMEWORK_HEADER = YES;
				CLANG_WARN_RANGE_LOOP_ANALYSIS = YES;
				CLANG_WARN_STRICT_PROTOTYPES = YES;
				CLANG_WARN_SUSPICIOUS_MOVE = YES;
				CLANG_WARN_UNGUARDED_AVAILABILITY = YES_AGGRESSIVE;
				CLANG_WARN_UNREACHABLE_CODE = YES;
				CLANG_WARN__DUPLICATE_METHOD_MATCH = YES;
				COPY_PHASE_STRIP = NO;
				DEBUG_INFORMATION_FORMAT = "dwarf-with-dsym";
				ENABLE_NS_ASSERTIONS = NO;
				ENABLE_STRICT_OBJC_MSGSEND = YES;
				ENABLE_USER_SCRIPT_SANDBOXING = YES;
				GCC_C_LANGUAGE_STANDARD = gnu17;
				GCC_NO_COMMON_BLOCKS = YES;
				GCC_WARN_64_TO_32_BIT_CONVERSION = YES;
				GCC_WARN_ABOUT_RETURN_TYPE = YES_ERROR;
				GCC_WARN_UNDECLARED_SELECTOR = YES;
				GCC_WARN_UNINITIALIZED_AUTOS = YES_AGGRESSIVE;
				GCC_WARN_UNUSED_FUNCTION = YES;
				GCC_WARN_UNUSED_VARIABLE = YES;
				IPHONEOS_DEPLOYMENT_TARGET = 17.4;
				LOCALIZATION_PREFERS_STRING_CATALOGS = YES;
				MTL_ENABLE_DEBUG_INFO = NO;
				MTL_FAST_MATH = YES;
				SDKROOT = iphoneos;
				SWIFT_COMPILATION_MODE = wholemodule;
				VALIDATE_PRODUCT = YES;
			};
			name = Release;
		};
		921A01C72C5A4D3E001865AA /* Debug */ = {
			isa = XCBuildConfiguration;
			buildSettings = {
				ASSETCATALOG_COMPILER_APPICON_NAME = AppIcon;
				ASSETCATALOG_COMPILER_GLOBAL_ACCENT_COLOR_NAME = AccentColor;
				CODE_SIGN_STYLE = Automatic;
				CURRENT_PROJECT_VERSION = 1;
				GENERATE_INFOPLIST_FILE = YES;
				INFOPLIST_FILE = ReelsDemoInUIkit/Info.plist;
				INFOPLIST_KEY_UIApplicationSupportsIndirectInputEvents = YES;
				INFOPLIST_KEY_UILaunchStoryboardName = LaunchScreen;
				INFOPLIST_KEY_UIMainStoryboardFile = Main;
				INFOPLIST_KEY_UISupportedInterfaceOrientations_iPad = "UIInterfaceOrientationPortrait UIInterfaceOrientationPortraitUpsideDown UIInterfaceOrientationLandscapeLeft UIInterfaceOrientationLandscapeRight";
				INFOPLIST_KEY_UISupportedInterfaceOrientations_iPhone = "UIInterfaceOrientationPortrait UIInterfaceOrientationLandscapeLeft UIInterfaceOrientationLandscapeRight";
				LD_RUNPATH_SEARCH_PATHS = (
					"$(inherited)",
					"@executable_path/Frameworks",
				);
				MARKETING_VERSION = 1.0;
				PRODUCT_BUNDLE_IDENTIFIER = com.SI.ReelsDemoInUIkit;
				PRODUCT_NAME = "$(TARGET_NAME)";
				SWIFT_EMIT_LOC_STRINGS = YES;
				SWIFT_VERSION = 5.0;
				TARGETED_DEVICE_FAMILY = "1,2";
			};
			name = Debug;
		};
		921A01C82C5A4D3E001865AA /* Release */ = {
			isa = XCBuildConfiguration;
			buildSettings = {
				ASSETCATALOG_COMPILER_APPICON_NAME = AppIcon;
				ASSETCATALOG_COMPILER_GLOBAL_ACCENT_COLOR_NAME = AccentColor;
				CODE_SIGN_STYLE = Automatic;
				CURRENT_PROJECT_VERSION = 1;
				GENERATE_INFOPLIST_FILE = YES;
				INFOPLIST_FILE = ReelsDemoInUIkit/Info.plist;
				INFOPLIST_KEY_UIApplicationSupportsIndirectInputEvents = YES;
				INFOPLIST_KEY_UILaunchStoryboardName = LaunchScreen;
				INFOPLIST_KEY_UIMainStoryboardFile = Main;
				INFOPLIST_KEY_UISupportedInterfaceOrientations_iPad = "UIInterfaceOrientationPortrait UIInterfaceOrientationPortraitUpsideDown UIInterfaceOrientationLandscapeLeft UIInterfaceOrientationLandscapeRight";
				INFOPLIST_KEY_UISupportedInterfaceOrientations_iPhone = "UIInterfaceOrientationPortrait UIInterfaceOrientationLandscapeLeft UIInterfaceOrientationLandscapeRight";
				LD_RUNPATH_SEARCH_PATHS = (
					"$(inherited)",
					"@executable_path/Frameworks",
				);
				MARKETING_VERSION = 1.0;
				PRODUCT_BUNDLE_IDENTIFIER = com.SI.ReelsDemoInUIkit;
				PRODUCT_NAME = "$(TARGET_NAME)";
				SWIFT_EMIT_LOC_STRINGS = YES;
				SWIFT_VERSION = 5.0;
				TARGETED_DEVICE_FAMILY = "1,2";
			};
			name = Release;
		};
		921A01CA2C5A4D3E001865AA /* Debug */ = {
			isa = XCBuildConfiguration;
			buildSettings = {
				ALWAYS_EMBED_SWIFT_STANDARD_LIBRARIES = YES;
				BUNDLE_LOADER = "$(TEST_HOST)";
				CODE_SIGN_STYLE = Automatic;
				CURRENT_PROJECT_VERSION = 1;
				GENERATE_INFOPLIST_FILE = YES;
				IPHONEOS_DEPLOYMENT_TARGET = 17.4;
				MARKETING_VERSION = 1.0;
				PRODUCT_BUNDLE_IDENTIFIER = com.SI.ReelsDemoInUIkitTests;
				PRODUCT_NAME = "$(TARGET_NAME)";
				SWIFT_EMIT_LOC_STRINGS = NO;
				SWIFT_VERSION = 5.0;
				TARGETED_DEVICE_FAMILY = "1,2";
				TEST_HOST = "$(BUILT_PRODUCTS_DIR)/ReelsDemoInUIkit.app/$(BUNDLE_EXECUTABLE_FOLDER_PATH)/ReelsDemoInUIkit";
			};
			name = Debug;
		};
		921A01CB2C5A4D3E001865AA /* Release */ = {
			isa = XCBuildConfiguration;
			buildSettings = {
				ALWAYS_EMBED_SWIFT_STANDARD_LIBRARIES = YES;
				BUNDLE_LOADER = "$(TEST_HOST)";
				CODE_SIGN_STYLE = Automatic;
				CURRENT_PROJECT_VERSION = 1;
				GENERATE_INFOPLIST_FILE = YES;
				IPHONEOS_DEPLOYMENT_TARGET = 17.4;
				MARKETING_VERSION = 1.0;
				PRODUCT_BUNDLE_IDENTIFIER = com.SI.ReelsDemoInUIkitTests;
				PRODUCT_NAME = "$(TARGET_NAME)";
				SWIFT_EMIT_LOC_STRINGS = NO;
				SWIFT_VERSION = 5.0;
				TARGETED_DEVICE_FAMILY = "1,2";
				TEST_HOST = "$(BUILT_PRODUCTS_DIR)/ReelsDemoInUIkit.app/$(BUNDLE_EXECUTABLE_FOLDER_PATH)/ReelsDemoInUIkit";
			};
			name = Release;
		};
		921A01CD2C5A4D3E001865AA /* Debug */ = {
			isa = XCBuildConfiguration;
			buildSettings = {
				ALWAYS_EMBED_SWIFT_STANDARD_LIBRARIES = YES;
				CODE_SIGN_STYLE = Automatic;
				CURRENT_PROJECT_VERSION = 1;
				GENERATE_INFOPLIST_FILE = YES;
				MARKETING_VERSION = 1.0;
				PRODUCT_BUNDLE_IDENTIFIER = com.SI.ReelsDemoInUIkitUITests;
				PRODUCT_NAME = "$(TARGET_NAME)";
				SWIFT_EMIT_LOC_STRINGS = NO;
				SWIFT_VERSION = 5.0;
				TARGETED_DEVICE_FAMILY = "1,2";
				TEST_TARGET_NAME = ReelsDemoInUIkit;
			};
			name = Debug;
		};
		921A01CE2C5A4D3E001865AA /* Release */ = {
			isa = XCBuildConfiguration;
			buildSettings = {
				ALWAYS_EMBED_SWIFT_STANDARD_LIBRARIES = YES;
				CODE_SIGN_STYLE = Automatic;
				CURRENT_PROJECT_VERSION = 1;
				GENERATE_INFOPLIST_FILE = YES;
				MARKETING_VERSION = 1.0;
				PRODUCT_BUNDLE_IDENTIFIER = com.SI.ReelsDemoInUIkitUITests;
				PRODUCT_NAME = "$(TARGET_NAME)";
				SWIFT_EMIT_LOC_STRINGS = NO;
				SWIFT_VERSION = 5.0;
				TARGETED_DEVICE_FAMILY = "1,2";
				TEST_TARGET_NAME = ReelsDemoInUIkit;
			};
			name = Release;
		};
/* End XCBuildConfiguration section */

/* Begin XCConfigurationList section */
		921A01972C5A4D3D001865AA /* Build configuration list for PBXProject "ReelsDemoInUIkit" */ = {
			isa = XCConfigurationList;
			buildConfigurations = (
				921A01C42C5A4D3E001865AA /* Debug */,
				921A01C52C5A4D3E001865AA /* Release */,
			);
			defaultConfigurationIsVisible = 0;
			defaultConfigurationName = Release;
		};
		921A01C62C5A4D3E001865AA /* Build configuration list for PBXNativeTarget "ReelsDemoInUIkit" */ = {
			isa = XCConfigurationList;
			buildConfigurations = (
				921A01C72C5A4D3E001865AA /* Debug */,
				921A01C82C5A4D3E001865AA /* Release */,
			);
			defaultConfigurationIsVisible = 0;
			defaultConfigurationName = Release;
		};
		921A01C92C5A4D3E001865AA /* Build configuration list for PBXNativeTarget "ReelsDemoInUIkitTests" */ = {
			isa = XCConfigurationList;
			buildConfigurations = (
				921A01CA2C5A4D3E001865AA /* Debug */,
				921A01CB2C5A4D3E001865AA /* Release */,
			);
			defaultConfigurationIsVisible = 0;
			defaultConfigurationName = Release;
		};
		921A01CC2C5A4D3E001865AA /* Build configuration list for PBXNativeTarget "ReelsDemoInUIkitUITests" */ = {
			isa = XCConfigurationList;
			buildConfigurations = (
				921A01CD2C5A4D3E001865AA /* Debug */,
				921A01CE2C5A4D3E001865AA /* Release */,
			);
			defaultConfigurationIsVisible = 0;
			defaultConfigurationName = Release;
		};
/* End XCConfigurationList section */
	};
	rootObject = 921A01942C5A4D3D001865AA /* Project object */;
}
